
Microsoft Visual Studio Solution File, Format Version 12.00
# Visual Studio Version 17
VisualStudioVersion = 17.9.34607.119
MinimumVisualStudioVersion = 10.0.40219.1
Project("{9A19103F-16F7-4668-BE54-9A1E7A4F7556}") = "api", "api\api.csproj", "{9A9F337F-8B4B-4166-99D0-1C1F1AF78473}"
EndProject
Project("{9A19103F-16F7-4668-BE54-9A1E7A4F7556}") = "Domain", "Domain\Domain.csproj", "{A6E95A1C-CE38-40E4-A91C-0927C2C542CF}"
EndProject
Project("{9A19103F-16F7-4668-BE54-9A1E7A4F7556}") = "Persistence", "Persistence\Persistence.csproj", "{C215DB2C-610A-4565-A840-6EE452211B37}"
EndProject
Project("{9A19103F-16F7-4668-BE54-9A1E7A4F7556}") = "Application", "Application\Application.csproj", "{FC0AACA5-CCBF-4C72-BA69-4386DA43CF30}"
EndProject
Project("{FAE04EC0-301F-11D3-BF4B-00C04F79EFBC}") = "UnitTest", "UnitTest\UnitTest.csproj", "{D1130DC7-3711-467F-972B-A1B93B3C33E2}"
EndProject
Project("{2150E333-8FDC-42A3-9474-1A3956D46DE8}") = "src", "src", "{7BF092FD-E460-4D72-AB07-F054045C704D}"
EndProject
Project("{2150E333-8FDC-42A3-9474-1A3956D46DE8}") = "api", "api", "{25A623DD-890E-4596-94DC-E1B6F5E1315D}"
EndProject
Project("{2150E333-8FDC-42A3-9474-1A3956D46DE8}") = "core", "core", "{FE885AEA-9DD5-405A-90E1-6254697F4240}"
EndProject
Project("{2150E333-8FDC-42A3-9474-1A3956D46DE8}") = "Infrastructure", "Infrastructure", "{5515257A-B029-453A-896D-9DD96BDE907B}"
EndProject
Project("{2150E333-8FDC-42A3-9474-1A3956D46DE8}") = "test", "test", "{109646DC-6CE6-41DB-B859-BA4715FB3753}"
EndProject
Global
	GlobalSection(SolutionConfigurationPlatforms) = preSolution
		Debug|Any CPU = Debug|Any CPU
		Release|Any CPU = Release|Any CPU
	EndGlobalSection
	GlobalSection(ProjectConfigurationPlatforms) = postSolution
		{9A9F337F-8B4B-4166-99D0-1C1F1AF78473}.Debug|Any CPU.ActiveCfg = Debug|Any CPU
		{9A9F337F-8B4B-4166-99D0-1C1F1AF78473}.Debug|Any CPU.Build.0 = Debug|Any CPU
		{9A9F337F-8B4B-4166-99D0-1C1F1AF78473}.Release|Any CPU.ActiveCfg = Release|Any CPU
		{9A9F337F-8B4B-4166-99D0-1C1F1AF78473}.Release|Any CPU.Build.0 = Release|Any CPU
		{A6E95A1C-CE38-40E4-A91C-0927C2C542CF}.Debug|Any CPU.ActiveCfg = Debug|Any CPU
		{A6E95A1C-CE38-40E4-A91C-0927C2C542CF}.Debug|Any CPU.Build.0 = Debug|Any CPU
		{A6E95A1C-CE38-40E4-A91C-0927C2C542CF}.Release|Any CPU.ActiveCfg = Release|Any CPU
		{A6E95A1C-CE38-40E4-A91C-0927C2C542CF}.Release|Any CPU.Build.0 = Release|Any CPU
		{C215DB2C-610A-4565-A840-6EE452211B37}.Debug|Any CPU.ActiveCfg = Debug|Any CPU
		{C215DB2C-610A-4565-A840-6EE452211B37}.Debug|Any CPU.Build.0 = Debug|Any CPU
		{C215DB2C-610A-4565-A840-6EE452211B37}.Release|Any CPU.ActiveCfg = Release|Any CPU
		{C215DB2C-610A-4565-A840-6EE452211B37}.Release|Any CPU.Build.0 = Release|Any CPU
		{FC0AACA5-CCBF-4C72-BA69-4386DA43CF30}.Debug|Any CPU.ActiveCfg = Debug|Any CPU
		{FC0AACA5-CCBF-4C72-BA69-4386DA43CF30}.Debug|Any CPU.Build.0 = Debug|Any CPU
		{FC0AACA5-CCBF-4C72-BA69-4386DA43CF30}.Release|Any CPU.ActiveCfg = Release|Any CPU
		{FC0AACA5-CCBF-4C72-BA69-4386DA43CF30}.Release|Any CPU.Build.0 = Release|Any CPU
		{D1130DC7-3711-467F-972B-A1B93B3C33E2}.Debug|Any CPU.ActiveCfg = Debug|Any CPU
		{D1130DC7-3711-467F-972B-A1B93B3C33E2}.Debug|Any CPU.Build.0 = Debug|Any CPU
		{D1130DC7-3711-467F-972B-A1B93B3C33E2}.Release|Any CPU.ActiveCfg = Release|Any CPU
		{D1130DC7-3711-467F-972B-A1B93B3C33E2}.Release|Any CPU.Build.0 = Release|Any CPU
	EndGlobalSection
	GlobalSection(SolutionProperties) = preSolution
		HideSolutionNode = FALSE
	EndGlobalSection
	GlobalSection(NestedProjects) = preSolution
		{9A9F337F-8B4B-4166-99D0-1C1F1AF78473} = {25A623DD-890E-4596-94DC-E1B6F5E1315D}
		{A6E95A1C-CE38-40E4-A91C-0927C2C542CF} = {FE885AEA-9DD5-405A-90E1-6254697F4240}
		{C215DB2C-610A-4565-A840-6EE452211B37} = {5515257A-B029-453A-896D-9DD96BDE907B}
		{FC0AACA5-CCBF-4C72-BA69-4386DA43CF30} = {FE885AEA-9DD5-405A-90E1-6254697F4240}
		{D1130DC7-3711-467F-972B-A1B93B3C33E2} = {109646DC-6CE6-41DB-B859-BA4715FB3753}
		{25A623DD-890E-4596-94DC-E1B6F5E1315D} = {7BF092FD-E460-4D72-AB07-F054045C704D}
		{FE885AEA-9DD5-405A-90E1-6254697F4240} = {7BF092FD-E460-4D72-AB07-F054045C704D}
		{5515257A-B029-453A-896D-9DD96BDE907B} = {7BF092FD-E460-4D72-AB07-F054045C704D}
	EndGlobalSection
	GlobalSection(ExtensibilityGlobals) = postSolution
		SolutionGuid = {96D5DDD2-4B9B-42B4-A575-8F23A07D769E}
	EndGlobalSection
EndGlobal
